
Microsoft Visual Studio Solution File, Format Version 12.00
# Visual Studio Version 17
VisualStudioVersion = 17.8.34511.84
MinimumVisualStudioVersion = 10.0.40219.1
Project("{FAE04EC0-301F-11D3-BF4B-00C04F79EFBC}") = "AssetTracking", "AssetTracking.csproj", "{9EC28523-77B6-4273-B27A-CDFA070DDAD5}"
EndProject
Global
	GlobalSection(SolutionConfigurationPlatforms) = preSolution
		Debug|Any CPU = Debug|Any CPU
		Release|Any CPU = Release|Any CPU
	EndGlobalSection
	GlobalSection(ProjectConfigurationPlatforms) = postSolution
		{9EC28523-77B6-4273-B27A-CDFA070DDAD5}.Debug|Any CPU.ActiveCfg = Debug|Any CPU
		{9EC28523-77B6-4273-B27A-CDFA070DDAD5}.Debug|Any CPU.Build.0 = Debug|Any CPU
		{9EC28523-77B6-4273-B27A-CDFA070DDAD5}.Release|Any CPU.ActiveCfg = Release|Any CPU
		{9EC28523-77B6-4273-B27A-CDFA070DDAD5}.Release|Any CPU.Build.0 = Release|Any CPU
	EndGlobalSection
	GlobalSection(SolutionProperties) = preSolution
		HideSolutionNode = FALSE
	EndGlobalSection
	GlobalSection(ExtensibilityGlobals) = postSolution
		SolutionGuid = {9C360237-9DB1-43AB-AB76-95AB5FEF5C8C}
	EndGlobalSection
EndGlobal
